// !$*UTF8*$!
{
	archiveVersion = 1;
	classes = {
	};
	objectVersion = 50;
	objects = {

/* Begin PBXAggregateTarget section */
		CBCDBAA624F144F900F61666 /* TestStaticLibUni */ = {
			isa = PBXAggregateTarget;
			buildConfigurationList = CBCDBAA924F144F900F61666 /* Build configuration list for PBXAggregateTarget "TestStaticLibUni" */;
			buildPhases = (
				CBCDBAAB24F1451000F61666 /* ShellScript */,
			);
			dependencies = (
			);
			name = TestStaticLibUni;
			productName = TestStaticLibUni;
		};
/* End PBXAggregateTarget section */

/* Begin PBXBuildFile section */
		CBCDBA0824F1086E00F61666 /* TestStaticLibSwift.swift in Sources */ = {isa = PBXBuildFile; fileRef = CBCDBA0724F1086E00F61666 /* TestStaticLibSwift.swift */; };
		CBCDBA0F24F108A100F61666 /* SwiftAndObjectCompatibale.swift in Sources */ = {isa = PBXBuildFile; fileRef = CBCDBA0E24F108A100F61666 /* SwiftAndObjectCompatibale.swift */; };
		CBCDBA7C24F10F7E00F61666 /* PureSwiftClass.swift in Sources */ = {isa = PBXBuildFile; fileRef = CBCDBA7B24F10F7E00F61666 /* PureSwiftClass.swift */; };
/* End PBXBuildFile section */

/* Begin PBXCopyFilesBuildPhase section */
		CBCDBA0224F1086E00F61666 /* CopyFiles */ = {
			isa = PBXCopyFilesBuildPhase;
			buildActionMask = 2147483647;
			dstPath = "include/$(PRODUCT_NAME)";
			dstSubfolderSpec = 16;
			files = (
			);
			runOnlyForDeploymentPostprocessing = 0;
		};
/* End PBXCopyFilesBuildPhase section */

/* Begin PBXFileReference section */
		CBCDBA0424F1086E00F61666 /* libTestStaticLibSwift.a */ = {isa = PBXFileReference; explicitFileType = archive.ar; includeInIndex = 0; path = libTestStaticLibSwift.a; sourceTree = BUILT_PRODUCTS_DIR; };
		CBCDBA0724F1086E00F61666 /* TestStaticLibSwift.swift */ = {isa = PBXFileReference; lastKnownFileType = sourcecode.swift; path = TestStaticLibSwift.swift; sourceTree = "<group>"; };
		CBCDBA0E24F108A100F61666 /* SwiftAndObjectCompatibale.swift */ = {isa = PBXFileReference; fileEncoding = 4; lastKnownFileType = sourcecode.swift; path = SwiftAndObjectCompatibale.swift; sourceTree = "<group>"; };
		CBCDBA7B24F10F7E00F61666 /* PureSwiftClass.swift */ = {isa = PBXFileReference; lastKnownFileType = sourcecode.swift; path = PureSwiftClass.swift; sourceTree = "<group>"; };
/* End PBXFileReference section */

/* Begin PBXFrameworksBuildPhase section */
		CBCDBA0124F1086E00F61666 /* Frameworks */ = {
			isa = PBXFrameworksBuildPhase;
			buildActionMask = 2147483647;
			files = (
			);
			runOnlyForDeploymentPostprocessing = 0;
		};
/* End PBXFrameworksBuildPhase section */

/* Begin PBXGroup section */
		CBCDB9FB24F1086E00F61666 = {
			isa = PBXGroup;
			children = (
				CBCDBA0624F1086E00F61666 /* TestStaticLibSwift */,
				CBCDBA0524F1086E00F61666 /* Products */,
			);
			sourceTree = "<group>";
		};
		CBCDBA0524F1086E00F61666 /* Products */ = {
			isa = PBXGroup;
			children = (
				CBCDBA0424F1086E00F61666 /* libTestStaticLibSwift.a */,
			);
			name = Products;
			sourceTree = "<group>";
		};
		CBCDBA0624F1086E00F61666 /* TestStaticLibSwift */ = {
			isa = PBXGroup;
			children = (
				CBCDBA0E24F108A100F61666 /* SwiftAndObjectCompatibale.swift */,
				CBCDBA0724F1086E00F61666 /* TestStaticLibSwift.swift */,
				CBCDBA7B24F10F7E00F61666 /* PureSwiftClass.swift */,
			);
			path = TestStaticLibSwift;
			sourceTree = "<group>";
		};
/* End PBXGroup section */

/* Begin PBXNativeTarget section */
		CBCDBA0324F1086E00F61666 /* TestStaticLibSwift */ = {
			isa = PBXNativeTarget;
			buildConfigurationList = CBCDBA0B24F1086E00F61666 /* Build configuration list for PBXNativeTarget "TestStaticLibSwift" */;
			buildPhases = (
				CBCDBA0024F1086E00F61666 /* Sources */,
				CBCDBA0124F1086E00F61666 /* Frameworks */,
				CBCDBA0224F1086E00F61666 /* CopyFiles */,
			);
			buildRules = (
			);
			dependencies = (
			);
			name = TestStaticLibSwift;
			productName = TestStaticLibSwift;
			productReference = CBCDBA0424F1086E00F61666 /* libTestStaticLibSwift.a */;
			productType = "com.apple.product-type.library.static";
		};
/* End PBXNativeTarget section */

/* Begin PBXProject section */
		CBCDB9FC24F1086E00F61666 /* Project object */ = {
			isa = PBXProject;
			attributes = {
				LastSwiftUpdateCheck = 1160;
				LastUpgradeCheck = 1160;
				ORGANIZATIONNAME = "Ashish Awasthi";
				TargetAttributes = {
					CBCDBA0324F1086E00F61666 = {
						CreatedOnToolsVersion = 11.6;
					};
					CBCDBAA624F144F900F61666 = {
						CreatedOnToolsVersion = 11.6;
					};
				};
			};
			buildConfigurationList = CBCDB9FF24F1086E00F61666 /* Build configuration list for PBXProject "TestStaticLibSwift" */;
			compatibilityVersion = "Xcode 9.3";
			developmentRegion = en;
			hasScannedForEncodings = 0;
			knownRegions = (
				en,
				Base,
			);
			mainGroup = CBCDB9FB24F1086E00F61666;
			productRefGroup = CBCDBA0524F1086E00F61666 /* Products */;
			projectDirPath = "";
			projectRoot = "";
			targets = (
				CBCDBA0324F1086E00F61666 /* TestStaticLibSwift */,
				CBCDBAA624F144F900F61666 /* TestStaticLibUni */,
			);
		};
/* End PBXProject section */

/* Begin PBXShellScriptBuildPhase section */
		CBCDBAAB24F1451000F61666 /* ShellScript */ = {
			isa = PBXShellScriptBuildPhase;
			buildActionMask = 2147483647;
			files = (
			);
			inputFileListPaths = (
			);
			inputPaths = (
			);
			outputFileListPaths = (
			);
			outputPaths = (
			);
			runOnlyForDeploymentPostprocessing = 0;
			shellPath = /bin/sh;
			shellScript = "chmod u+x \"${SRCROOT}/Scripts/Release.sh\"\n\"${SRCROOT}/Scripts/Release.sh\"\n";
		};
/* End PBXShellScriptBuildPhase section */

/* Begin PBXSourcesBuildPhase section */
		CBCDBA0024F1086E00F61666 /* Sources */ = {
			isa = PBXSourcesBuildPhase;
			buildActionMask = 2147483647;
			files = (
				CBCDBA0F24F108A100F61666 /* SwiftAndObjectCompatibale.swift in Sources */,
				CBCDBA7C24F10F7E00F61666 /* PureSwiftClass.swift in Sources */,
				CBCDBA0824F1086E00F61666 /* TestStaticLibSwift.swift in Sources */,
			);
			runOnlyForDeploymentPostprocessing = 0;
		};
/* End PBXSourcesBuildPhase section */

/* Begin XCBuildConfiguration section */
		CBCDBA0924F1086E00F61666 /* Debug */ = {
			isa = XCBuildConfiguration;
			buildSettings = {
				ALWAYS_SEARCH_USER_PATHS = NO;
				CLANG_ANALYZER_NONNULL = YES;
				CLANG_ANALYZER_NUMBER_OBJECT_CONVERSION = YES_AGGRESSIVE;
				CLANG_CXX_LANGUAGE_STANDARD = "gnu++14";
				CLANG_CXX_LIBRARY = "libc++";
				CLANG_ENABLE_MODULES = YES;
				CLANG_ENABLE_OBJC_ARC = YES;
				CLANG_ENABLE_OBJC_WEAK = YES;
				CLANG_WARN_BLOCK_CAPTURE_AUTORELEASING = YES;
				CLANG_WARN_BOOL_CONVERSION = YES;
				CLANG_WARN_COMMA = YES;
				CLANG_WARN_CONSTANT_CONVERSION = YES;
				CLANG_WARN_DEPRECATED_OBJC_IMPLEMENTATIONS = YES;
				CLANG_WARN_DIRECT_OBJC_ISA_USAGE = YES_ERROR;
				CLANG_WARN_DOCUMENTATION_COMMENTS = YES;
				CLANG_WARN_EMPTY_BODY = YES;
				CLANG_WARN_ENUM_CONVERSION = YES;
				CLANG_WARN_INFINITE_RECURSION = YES;
				CLANG_WARN_INT_CONVERSION = YES;
				CLANG_WARN_NON_LITERAL_NULL_CONVERSION = YES;
				CLANG_WARN_OBJC_IMPLICIT_RETAIN_SELF = YES;
				CLANG_WARN_OBJC_LITERAL_CONVERSION = YES;
				CLANG_WARN_OBJC_ROOT_CLASS = YES_ERROR;
				CLANG_WARN_RANGE_LOOP_ANALYSIS = YES;
				CLANG_WARN_STRICT_PROTOTYPES = YES;
				CLANG_WARN_SUSPICIOUS_MOVE = YES;
				CLANG_WARN_UNGUARDED_AVAILABILITY = YES_AGGRESSIVE;
				CLANG_WARN_UNREACHABLE_CODE = YES;
				CLANG_WARN__DUPLICATE_METHOD_MATCH = YES;
				COPY_PHASE_STRIP = NO;
				DEBUG_INFORMATION_FORMAT = dwarf;
				ENABLE_STRICT_OBJC_MSGSEND = YES;
				ENABLE_TESTABILITY = YES;
				GCC_C_LANGUAGE_STANDARD = gnu11;
				GCC_DYNAMIC_NO_PIC = NO;
				GCC_NO_COMMON_BLOCKS = YES;
				GCC_OPTIMIZATION_LEVEL = 0;
				GCC_PREPROCESSOR_DEFINITIONS = (
					"DEBUG=1",
					"$(inherited)",
				);
				GCC_WARN_64_TO_32_BIT_CONVERSION = YES;
				GCC_WARN_ABOUT_RETURN_TYPE = YES_ERROR;
				GCC_WARN_UNDECLARED_SELECTOR = YES;
				GCC_WARN_UNINITIALIZED_AUTOS = YES_AGGRESSIVE;
				GCC_WARN_UNUSED_FUNCTION = YES;
				GCC_WARN_UNUSED_VARIABLE = YES;
				IPHONEOS_DEPLOYMENT_TARGET = 10.0;
				MTL_ENABLE_DEBUG_INFO = INCLUDE_SOURCE;
				MTL_FAST_MATH = YES;
				ONLY_ACTIVE_ARCH = YES;
				SDKROOT = iphoneos;
				SWIFT_ACTIVE_COMPILATION_CONDITIONS = DEBUG;
				SWIFT_OPTIMIZATION_LEVEL = "-Onone";
			};
			name = Debug;
		};
		CBCDBA0A24F1086E00F61666 /* Release */ = {
			isa = XCBuildConfiguration;
			buildSettings = {
				ALWAYS_SEARCH_USER_PATHS = NO;
				CLANG_ANALYZER_NONNULL = YES;
				CLANG_ANALYZER_NUMBER_OBJECT_CONVERSION = YES_AGGRESSIVE;
				CLANG_CXX_LANGUAGE_STANDARD = "gnu++14";
				CLANG_CXX_LIBRARY = "libc++";
				CLANG_ENABLE_MODULES = YES;
				CLANG_ENABLE_OBJC_ARC = YES;
				CLANG_ENABLE_OBJC_WEAK = YES;
				CLANG_WARN_BLOCK_CAPTURE_AUTORELEASING = YES;
				CLANG_WARN_BOOL_CONVERSION = YES;
				CLANG_WARN_COMMA = YES;
				CLANG_WARN_CONSTANT_CONVERSION = YES;
				CLANG_WARN_DEPRECATED_OBJC_IMPLEMENTATIONS = YES;
				CLANG_WARN_DIRECT_OBJC_ISA_USAGE = YES_ERROR;
				CLANG_WARN_DOCUMENTATION_COMMENTS = YES;
				CLANG_WARN_EMPTY_BODY = YES;
				CLANG_WARN_ENUM_CONVERSION = YES;
				CLANG_WARN_INFINITE_RECURSION = YES;
				CLANG_WARN_INT_CONVERSION = YES;
				CLANG_WARN_NON_LITERAL_NULL_CONVERSION = YES;
				CLANG_WARN_OBJC_IMPLICIT_RETAIN_SELF = YES;
				CLANG_WARN_OBJC_LITERAL_CONVERSION = YES;
				CLANG_WARN_OBJC_ROOT_CLASS = YES_ERROR;
				CLANG_WARN_RANGE_LOOP_ANALYSIS = YES;
				CLANG_WARN_STRICT_PROTOTYPES = YES;
				CLANG_WARN_SUSPICIOUS_MOVE = YES;
				CLANG_WARN_UNGUARDED_AVAILABILITY = YES_AGGRESSIVE;
				CLANG_WARN_UNREACHABLE_CODE = YES;
				CLANG_WARN__DUPLICATE_METHOD_MATCH = YES;
				COPY_PHASE_STRIP = NO;
				DEBUG_INFORMATION_FORMAT = "dwarf-with-dsym";
				ENABLE_NS_ASSERTIONS = NO;
				ENABLE_STRICT_OBJC_MSGSEND = YES;
				GCC_C_LANGUAGE_STANDARD = gnu11;
				GCC_NO_COMMON_BLOCKS = YES;
				GCC_WARN_64_TO_32_BIT_CONVERSION = YES;
				GCC_WARN_ABOUT_RETURN_TYPE = YES_ERROR;
				GCC_WARN_UNDECLARED_SELECTOR = YES;
				GCC_WARN_UNINITIALIZED_AUTOS = YES_AGGRESSIVE;
				GCC_WARN_UNUSED_FUNCTION = YES;
				GCC_WARN_UNUSED_VARIABLE = YES;
				IPHONEOS_DEPLOYMENT_TARGET = 10.0;
				MTL_ENABLE_DEBUG_INFO = NO;
				MTL_FAST_MATH = YES;
				SDKROOT = iphoneos;
				SWIFT_COMPILATION_MODE = wholemodule;
				SWIFT_OPTIMIZATION_LEVEL = "-O";
				VALIDATE_PRODUCT = YES;
			};
			name = Release;
		};
		CBCDBA0C24F1086E00F61666 /* Debug */ = {
			isa = XCBuildConfiguration;
			buildSettings = {
				CODE_SIGN_STYLE = Automatic;
				DEVELOPMENT_TEAM = 3847847G6R;
				OTHER_LDFLAGS = "-ObjC";
				PRODUCT_NAME = "$(TARGET_NAME)";
				SKIP_INSTALL = YES;
				SWIFT_VERSION = 5.0;
				TARGETED_DEVICE_FAMILY = "1,2";
			};
			name = Debug;
		};
		CBCDBA0D24F1086E00F61666 /* Release */ = {
			isa = XCBuildConfiguration;
			buildSettings = {
				CODE_SIGN_STYLE = Automatic;
				DEVELOPMENT_TEAM = 3847847G6R;
				OTHER_LDFLAGS = "-ObjC";
				PRODUCT_NAME = "$(TARGET_NAME)";
				SKIP_INSTALL = YES;
				SWIFT_VERSION = 5.0;
				TARGETED_DEVICE_FAMILY = "1,2";
			};
			name = Release;
		};
		CBCDBAA724F144F900F61666 /* Debug */ = {
			isa = XCBuildConfiguration;
			buildSettings = {
				CODE_SIGN_STYLE = Automatic;
				DEVELOPMENT_TEAM = 3847847G6R;
				ONLY_ACTIVE_ARCH = YES;
				PRODUCT_NAME = "$(TARGET_NAME)";
				VALID_ARCHS = "arm64 arm64e armv7 armv7s";
			};
			name = Debug;
		};
		CBCDBAA824F144F900F61666 /* Release */ = {
			isa = XCBuildConfiguration;
			buildSettings = {
				CODE_SIGN_STYLE = Automatic;
				DEVELOPMENT_TEAM = 3847847G6R;
				ONLY_ACTIVE_ARCH = NO;
				PRODUCT_NAME = "$(TARGET_NAME)";
				VALID_ARCHS = "arm64 arm64e armv7 armv7s";
			};
			name = Release;
		};
/* End XCBuildConfiguration section */

/* Begin XCConfigurationList section */
		CBCDB9FF24F1086E00F61666 /* Build configuration list for PBXProject "TestStaticLibSwift" */ = {
			isa = XCConfigurationList;
			buildConfigurations = (
				CBCDBA0924F1086E00F61666 /* Debug */,
				CBCDBA0A24F1086E00F61666 /* Release */,
			);
			defaultConfigurationIsVisible = 0;
			defaultConfigurationName = Release;
		};
		CBCDBA0B24F1086E00F61666 /* Build configuration list for PBXNativeTarget "TestStaticLibSwift" */ = {
			isa = XCConfigurationList;
			buildConfigurations = (
				CBCDBA0C24F1086E00F61666 /* Debug */,
				CBCDBA0D24F1086E00F61666 /* Release */,
			);
			defaultConfigurationIsVisible = 0;
			defaultConfigurationName = Release;
		};
		CBCDBAA924F144F900F61666 /* Build configuration list for PBXAggregateTarget "TestStaticLibUni" */ = {
			isa = XCConfigurationList;
			buildConfigurations = (
				CBCDBAA724F144F900F61666 /* Debug */,
				CBCDBAA824F144F900F61666 /* Release */,
			);
			defaultConfigurationIsVisible = 0;
			defaultConfigurationName = Release;
		};
/* End XCConfigurationList section */
	};
	rootObject = CBCDB9FC24F1086E00F61666 /* Project object */;
}
